
Microsoft Visual Studio Solution File, Format Version 12.00
# Visual Studio Version 16
VisualStudioVersion = 16.0.31729.503
MinimumVisualStudioVersion = 10.0.40219.1
Project("{FAE04EC0-301F-11D3-BF4B-00C04F79EFBC}") = "ManejoArchivos2", "ManejoArchivos2\ManejoArchivos2.csproj", "{FFD97371-E213-41D0-A436-9E07DA266497}"
EndProject
Global
	GlobalSection(SolutionConfigurationPlatforms) = preSolution
		Debug|Any CPU = Debug|Any CPU
		Release|Any CPU = Release|Any CPU
	EndGlobalSection
	GlobalSection(ProjectConfigurationPlatforms) = postSolution
		{FFD97371-E213-41D0-A436-9E07DA266497}.Debug|Any CPU.ActiveCfg = Debug|Any CPU
		{FFD97371-E213-41D0-A436-9E07DA266497}.Debug|Any CPU.Build.0 = Debug|Any CPU
		{FFD97371-E213-41D0-A436-9E07DA266497}.Release|Any CPU.ActiveCfg = Release|Any CPU
		{FFD97371-E213-41D0-A436-9E07DA266497}.Release|Any CPU.Build.0 = Release|Any CPU
	EndGlobalSection
	GlobalSection(SolutionProperties) = preSolution
		HideSolutionNode = FALSE
	EndGlobalSection
	GlobalSection(ExtensibilityGlobals) = postSolution
		SolutionGuid = {9D88CB38-8B1A-4721-AA18-32B4ACEC99A3}
	EndGlobalSection
EndGlobal
